
Microsoft Visual Studio Solution File, Format Version 12.00
# Visual Studio Version 17
VisualStudioVersion = 17.14.36616.10
MinimumVisualStudioVersion = 10.0.40219.1
Project("{FAE04EC0-301F-11D3-BF4B-00C04F79EFBC}") = "BernalDomain", "BernalDomain\BernalDomain.csproj", "{0AA897E5-F63B-4698-9508-95E56C132A45}"
EndProject
Project("{FAE04EC0-301F-11D3-BF4B-00C04F79EFBC}") = "BernalFramework", "BernalFramework\BernalFramework.csproj", "{4A2FD356-BF92-4ED9-9402-47A7EF1A3B50}"
EndProject
Project("{FAE04EC0-301F-11D3-BF4B-00C04F79EFBC}") = "BernalYoutubeViewer", "BernalYoutubeViewer\BernalYoutubeViewer.csproj", "{2529403D-ABCB-4BDE-B407-4E90F4B91738}"
EndProject
Project("{FAE04EC0-301F-11D3-BF4B-00C04F79EFBC}") = "BernalWPF", "BernalWPF\BernalWPF.csproj", "{E0C80F66-0891-4390-B114-0E2633EDB648}"
EndProject
Project("{00D1A9C2-B5F0-4AF3-8072-F6C62B433612}") = "BernalDatabase", "BernalDatabase\BernalDatabase.sqlproj", "{EEEADDD5-1CD0-49EF-B215-06EB5ABB9BBD}"
EndProject
Global
	GlobalSection(SolutionConfigurationPlatforms) = preSolution
		Debug|Any CPU = Debug|Any CPU
		Release|Any CPU = Release|Any CPU
	EndGlobalSection
	GlobalSection(ProjectConfigurationPlatforms) = postSolution
		{0AA897E5-F63B-4698-9508-95E56C132A45}.Debug|Any CPU.ActiveCfg = Debug|Any CPU
		{0AA897E5-F63B-4698-9508-95E56C132A45}.Debug|Any CPU.Build.0 = Debug|Any CPU
		{0AA897E5-F63B-4698-9508-95E56C132A45}.Release|Any CPU.ActiveCfg = Release|Any CPU
		{0AA897E5-F63B-4698-9508-95E56C132A45}.Release|Any CPU.Build.0 = Release|Any CPU
		{4A2FD356-BF92-4ED9-9402-47A7EF1A3B50}.Debug|Any CPU.ActiveCfg = Debug|Any CPU
		{4A2FD356-BF92-4ED9-9402-47A7EF1A3B50}.Debug|Any CPU.Build.0 = Debug|Any CPU
		{4A2FD356-BF92-4ED9-9402-47A7EF1A3B50}.Release|Any CPU.ActiveCfg = Release|Any CPU
		{4A2FD356-BF92-4ED9-9402-47A7EF1A3B50}.Release|Any CPU.Build.0 = Release|Any CPU
		{2529403D-ABCB-4BDE-B407-4E90F4B91738}.Debug|Any CPU.ActiveCfg = Debug|Any CPU
		{2529403D-ABCB-4BDE-B407-4E90F4B91738}.Debug|Any CPU.Build.0 = Debug|Any CPU
		{2529403D-ABCB-4BDE-B407-4E90F4B91738}.Release|Any CPU.ActiveCfg = Release|Any CPU
		{2529403D-ABCB-4BDE-B407-4E90F4B91738}.Release|Any CPU.Build.0 = Release|Any CPU
		{E0C80F66-0891-4390-B114-0E2633EDB648}.Debug|Any CPU.ActiveCfg = Debug|Any CPU
		{E0C80F66-0891-4390-B114-0E2633EDB648}.Debug|Any CPU.Build.0 = Debug|Any CPU
		{E0C80F66-0891-4390-B114-0E2633EDB648}.Release|Any CPU.ActiveCfg = Release|Any CPU
		{E0C80F66-0891-4390-B114-0E2633EDB648}.Release|Any CPU.Build.0 = Release|Any CPU
		{EEEADDD5-1CD0-49EF-B215-06EB5ABB9BBD}.Debug|Any CPU.ActiveCfg = Debug|Any CPU
		{EEEADDD5-1CD0-49EF-B215-06EB5ABB9BBD}.Debug|Any CPU.Build.0 = Debug|Any CPU
		{EEEADDD5-1CD0-49EF-B215-06EB5ABB9BBD}.Debug|Any CPU.Deploy.0 = Debug|Any CPU
		{EEEADDD5-1CD0-49EF-B215-06EB5ABB9BBD}.Release|Any CPU.ActiveCfg = Release|Any CPU
		{EEEADDD5-1CD0-49EF-B215-06EB5ABB9BBD}.Release|Any CPU.Build.0 = Release|Any CPU
		{EEEADDD5-1CD0-49EF-B215-06EB5ABB9BBD}.Release|Any CPU.Deploy.0 = Release|Any CPU
	EndGlobalSection
	GlobalSection(SolutionProperties) = preSolution
		HideSolutionNode = FALSE
	EndGlobalSection
	GlobalSection(ExtensibilityGlobals) = postSolution
		SolutionGuid = {BF65D0A1-CC85-4A9D-8644-11D42B3F428E}
	EndGlobalSection
EndGlobal
